
Microsoft Visual Studio Solution File, Format Version 12.00
# Visual Studio Version 17
VisualStudioVersion = 17.2.32616.157
MinimumVisualStudioVersion = 10.0.40219.1
Project("{9A19103F-16F7-4668-BE54-9A1E7A4F7556}") = "Testing.Integration", "Testing.Integration\Testing.Integration.csproj", "{9E3F69D9-82BF-4711-8DA1-1811972BB405}"
EndProject
Project("{9A19103F-16F7-4668-BE54-9A1E7A4F7556}") = "Testing.Unit", "Testing.Unit\Testing.Unit.csproj", "{94A88905-16E1-431A-93F1-967A6FBA760E}"
EndProject
Project("{9A19103F-16F7-4668-BE54-9A1E7A4F7556}") = "AviationWeather.NET", "AviationWeather.NET\AviationWeather.NET.csproj", "{E5A2B226-C138-4715-BF87-83CEC570B2A5}"
EndProject
Project("{2150E333-8FDC-42A3-9474-1A3956D46DE8}") = "Solution Items", "Solution Items", "{D692AD21-CCC5-4AFC-B7D8-AFE50A6B4CEB}"
	ProjectSection(SolutionItems) = preProject
		README.md = README.md
		CHANGELOG.md = CHANGELOG.md
	EndProjectSection
EndProject
Global
	GlobalSection(SolutionConfigurationPlatforms) = preSolution
		Debug|Any CPU = Debug|Any CPU
		Release|Any CPU = Release|Any CPU
	EndGlobalSection
	GlobalSection(ProjectConfigurationPlatforms) = postSolution
		{9E3F69D9-82BF-4711-8DA1-1811972BB405}.Debug|Any CPU.ActiveCfg = Debug|Any CPU
		{9E3F69D9-82BF-4711-8DA1-1811972BB405}.Debug|Any CPU.Build.0 = Debug|Any CPU
		{9E3F69D9-82BF-4711-8DA1-1811972BB405}.Release|Any CPU.ActiveCfg = Release|Any CPU
		{9E3F69D9-82BF-4711-8DA1-1811972BB405}.Release|Any CPU.Build.0 = Release|Any CPU
		{94A88905-16E1-431A-93F1-967A6FBA760E}.Debug|Any CPU.ActiveCfg = Debug|Any CPU
		{94A88905-16E1-431A-93F1-967A6FBA760E}.Debug|Any CPU.Build.0 = Debug|Any CPU
		{94A88905-16E1-431A-93F1-967A6FBA760E}.Release|Any CPU.ActiveCfg = Release|Any CPU
		{94A88905-16E1-431A-93F1-967A6FBA760E}.Release|Any CPU.Build.0 = Release|Any CPU
		{E5A2B226-C138-4715-BF87-83CEC570B2A5}.Debug|Any CPU.ActiveCfg = Debug|Any CPU
		{E5A2B226-C138-4715-BF87-83CEC570B2A5}.Debug|Any CPU.Build.0 = Debug|Any CPU
		{E5A2B226-C138-4715-BF87-83CEC570B2A5}.Release|Any CPU.ActiveCfg = Release|Any CPU
		{E5A2B226-C138-4715-BF87-83CEC570B2A5}.Release|Any CPU.Build.0 = Release|Any CPU
	EndGlobalSection
	GlobalSection(SolutionProperties) = preSolution
		HideSolutionNode = FALSE
	EndGlobalSection
	GlobalSection(ExtensibilityGlobals) = postSolution
		SolutionGuid = {CAF3CEEA-8161-4A4A-B15F-BD76F6B44C5C}
	EndGlobalSection
EndGlobal
